
Microsoft Visual Studio Solution File, Format Version 12.00
# Visual Studio Version 18
VisualStudioVersion = 18.2.11408.102
MinimumVisualStudioVersion = 10.0.40219.1
Project("{FAE04EC0-301F-11D3-BF4B-00C04F79EFBC}") = "ConsoleDocumentSystem", "ConsoleDocument\ConsoleDocumentSystem.csproj", "{7B202509-0342-47CA-AD35-797DA6A18A70}"
EndProject
Project("{FAE04EC0-301F-11D3-BF4B-00C04F79EFBC}") = "TestingApp", "TestingApp\TestingApp.csproj", "{8E86DD0E-1897-4763-A5B3-26416CAF3E70}"
EndProject
Project("{FAE04EC0-301F-11D3-BF4B-00C04F79EFBC}") = "ConsoleDocument.PowerShell", "ConsoleDocument.PowerShell\ConsoleDocument.PowerShell.csproj", "{B82DCABF-6770-F55D-D75A-58B3261E4C4E}"
EndProject
Global
	GlobalSection(SolutionConfigurationPlatforms) = preSolution
		Debug|Any CPU = Debug|Any CPU
		Debug|x64 = Debug|x64
		Debug|x86 = Debug|x86
		Release|Any CPU = Release|Any CPU
		Release|x64 = Release|x64
		Release|x86 = Release|x86
	EndGlobalSection
	GlobalSection(ProjectConfigurationPlatforms) = postSolution
		{7B202509-0342-47CA-AD35-797DA6A18A70}.Debug|Any CPU.ActiveCfg = Debug|Any CPU
		{7B202509-0342-47CA-AD35-797DA6A18A70}.Debug|Any CPU.Build.0 = Debug|Any CPU
		{7B202509-0342-47CA-AD35-797DA6A18A70}.Debug|x64.ActiveCfg = Debug|Any CPU
		{7B202509-0342-47CA-AD35-797DA6A18A70}.Debug|x64.Build.0 = Debug|Any CPU
		{7B202509-0342-47CA-AD35-797DA6A18A70}.Debug|x86.ActiveCfg = Debug|Any CPU
		{7B202509-0342-47CA-AD35-797DA6A18A70}.Debug|x86.Build.0 = Debug|Any CPU
		{7B202509-0342-47CA-AD35-797DA6A18A70}.Release|Any CPU.ActiveCfg = Release|Any CPU
		{7B202509-0342-47CA-AD35-797DA6A18A70}.Release|Any CPU.Build.0 = Release|Any CPU
		{7B202509-0342-47CA-AD35-797DA6A18A70}.Release|x64.ActiveCfg = Release|Any CPU
		{7B202509-0342-47CA-AD35-797DA6A18A70}.Release|x64.Build.0 = Release|Any CPU
		{7B202509-0342-47CA-AD35-797DA6A18A70}.Release|x86.ActiveCfg = Release|Any CPU
		{7B202509-0342-47CA-AD35-797DA6A18A70}.Release|x86.Build.0 = Release|Any CPU
		{8E86DD0E-1897-4763-A5B3-26416CAF3E70}.Debug|Any CPU.ActiveCfg = Debug|Any CPU
		{8E86DD0E-1897-4763-A5B3-26416CAF3E70}.Debug|Any CPU.Build.0 = Debug|Any CPU
		{8E86DD0E-1897-4763-A5B3-26416CAF3E70}.Debug|x64.ActiveCfg = Debug|Any CPU
		{8E86DD0E-1897-4763-A5B3-26416CAF3E70}.Debug|x64.Build.0 = Debug|Any CPU
		{8E86DD0E-1897-4763-A5B3-26416CAF3E70}.Debug|x86.ActiveCfg = Debug|Any CPU
		{8E86DD0E-1897-4763-A5B3-26416CAF3E70}.Debug|x86.Build.0 = Debug|Any CPU
		{8E86DD0E-1897-4763-A5B3-26416CAF3E70}.Release|Any CPU.ActiveCfg = Release|Any CPU
		{8E86DD0E-1897-4763-A5B3-26416CAF3E70}.Release|Any CPU.Build.0 = Release|Any CPU
		{8E86DD0E-1897-4763-A5B3-26416CAF3E70}.Release|x64.ActiveCfg = Release|Any CPU
		{8E86DD0E-1897-4763-A5B3-26416CAF3E70}.Release|x64.Build.0 = Release|Any CPU
		{8E86DD0E-1897-4763-A5B3-26416CAF3E70}.Release|x86.ActiveCfg = Release|Any CPU
		{8E86DD0E-1897-4763-A5B3-26416CAF3E70}.Release|x86.Build.0 = Release|Any CPU
		{B82DCABF-6770-F55D-D75A-58B3261E4C4E}.Debug|Any CPU.ActiveCfg = Debug|Any CPU
		{B82DCABF-6770-F55D-D75A-58B3261E4C4E}.Debug|Any CPU.Build.0 = Debug|Any CPU
		{B82DCABF-6770-F55D-D75A-58B3261E4C4E}.Debug|x64.ActiveCfg = Debug|Any CPU
		{B82DCABF-6770-F55D-D75A-58B3261E4C4E}.Debug|x64.Build.0 = Debug|Any CPU
		{B82DCABF-6770-F55D-D75A-58B3261E4C4E}.Debug|x86.ActiveCfg = Debug|Any CPU
		{B82DCABF-6770-F55D-D75A-58B3261E4C4E}.Debug|x86.Build.0 = Debug|Any CPU
		{B82DCABF-6770-F55D-D75A-58B3261E4C4E}.Release|Any CPU.ActiveCfg = Release|Any CPU
		{B82DCABF-6770-F55D-D75A-58B3261E4C4E}.Release|Any CPU.Build.0 = Release|Any CPU
		{B82DCABF-6770-F55D-D75A-58B3261E4C4E}.Release|x64.ActiveCfg = Release|Any CPU
		{B82DCABF-6770-F55D-D75A-58B3261E4C4E}.Release|x64.Build.0 = Release|Any CPU
		{B82DCABF-6770-F55D-D75A-58B3261E4C4E}.Release|x86.ActiveCfg = Release|Any CPU
		{B82DCABF-6770-F55D-D75A-58B3261E4C4E}.Release|x86.Build.0 = Release|Any CPU
	EndGlobalSection
	GlobalSection(SolutionProperties) = preSolution
		HideSolutionNode = FALSE
	EndGlobalSection
	GlobalSection(ExtensibilityGlobals) = postSolution
		SolutionGuid = {825F2450-DFAE-4919-B2FA-D9D35E7A2385}
	EndGlobalSection
EndGlobal
